
Microsoft Visual Studio Solution File, Format Version 12.00
# Visual Studio Version 17
VisualStudioVersion = 17.2.32526.322
MinimumVisualStudioVersion = 10.0.40219.1
Project("{FAE04EC0-301F-11D3-BF4B-00C04F79EFBC}") = "Rent a Car", "Rent a Car.csproj", "{180722A7-FC8E-4D8C-846C-732F5D0599BB}"
EndProject
Global
	GlobalSection(SolutionConfigurationPlatforms) = preSolution
		Debug|Any CPU = Debug|Any CPU
		Release|Any CPU = Release|Any CPU
	EndGlobalSection
	GlobalSection(ProjectConfigurationPlatforms) = postSolution
		{180722A7-FC8E-4D8C-846C-732F5D0599BB}.Debug|Any CPU.ActiveCfg = Debug|Any CPU
		{180722A7-FC8E-4D8C-846C-732F5D0599BB}.Debug|Any CPU.Build.0 = Debug|Any CPU
		{180722A7-FC8E-4D8C-846C-732F5D0599BB}.Release|Any CPU.ActiveCfg = Release|Any CPU
		{180722A7-FC8E-4D8C-846C-732F5D0599BB}.Release|Any CPU.Build.0 = Release|Any CPU
	EndGlobalSection
	GlobalSection(SolutionProperties) = preSolution
		HideSolutionNode = FALSE
	EndGlobalSection
	GlobalSection(ExtensibilityGlobals) = postSolution
		SolutionGuid = {707E4A04-E026-43BD-8F5D-2AF1A0575890}
	EndGlobalSection
EndGlobal
